// !$*UTF8*$!
{
	archiveVersion = 1;
	classes = {
	};
	objectVersion = 55;
	objects = {

/* Begin PBXBuildFile section */
		601A8277285F175B001B5781 /* DistanceView.swift in Sources */ = {isa = PBXBuildFile; fileRef = 601A8276285F175B001B5781 /* DistanceView.swift */; };
		601A8278285F175B001B5781 /* DistanceView.swift in Sources */ = {isa = PBXBuildFile; fileRef = 601A8276285F175B001B5781 /* DistanceView.swift */; };
		601A827B285F2179001B5781 /* ContentView.swift in Sources */ = {isa = PBXBuildFile; fileRef = 601A8275285F1754001B5781 /* ContentView.swift */; };
		601A827C285F2179001B5781 /* ContentView.swift in Sources */ = {isa = PBXBuildFile; fileRef = 601A8275285F1754001B5781 /* ContentView.swift */; };
		60488CCB28565ABE00F465D9 /* RustySwiftApp.swift in Sources */ = {isa = PBXBuildFile; fileRef = 60488CBB28565ABC00F465D9 /* RustySwiftApp.swift */; };
		60488CCC28565ABE00F465D9 /* RustySwiftApp.swift in Sources */ = {isa = PBXBuildFile; fileRef = 60488CBB28565ABC00F465D9 /* RustySwiftApp.swift */; };
		60488CCD28565ABE00F465D9 /* AverageView.swift in Sources */ = {isa = PBXBuildFile; fileRef = 60488CBC28565ABC00F465D9 /* AverageView.swift */; };
		60488CCE28565ABE00F465D9 /* AverageView.swift in Sources */ = {isa = PBXBuildFile; fileRef = 60488CBC28565ABC00F465D9 /* AverageView.swift */; };
		60488CCF28565ABE00F465D9 /* Assets.xcassets in Resources */ = {isa = PBXBuildFile; fileRef = 60488CBD28565ABE00F465D9 /* Assets.xcassets */; };
		60488CD028565ABE00F465D9 /* Assets.xcassets in Resources */ = {isa = PBXBuildFile; fileRef = 60488CBD28565ABE00F465D9 /* Assets.xcassets */; };
		60A517A528609BC60058266C /* LengthView.swift in Sources */ = {isa = PBXBuildFile; fileRef = 60A517A428609BC60058266C /* LengthView.swift */; };
		60A517A628609BC60058266C /* LengthView.swift in Sources */ = {isa = PBXBuildFile; fileRef = 60A517A428609BC60058266C /* LengthView.swift */; };
		60A517A828609EC00058266C /* RustyIntegration.swift in Sources */ = {isa = PBXBuildFile; fileRef = 60A517A728609BDD0058266C /* RustyIntegration.swift */; };
		60A517A928609EC10058266C /* RustyIntegration.swift in Sources */ = {isa = PBXBuildFile; fileRef = 60A517A728609BDD0058266C /* RustyIntegration.swift */; };
/* End PBXBuildFile section */

/* Begin PBXFileReference section */
		601A8274285E3A59001B5781 /* BridgingHeader.h */ = {isa = PBXFileReference; lastKnownFileType = sourcecode.c.h; path = BridgingHeader.h; sourceTree = "<group>"; };
		601A8275285F1754001B5781 /* ContentView.swift */ = {isa = PBXFileReference; lastKnownFileType = sourcecode.swift; path = ContentView.swift; sourceTree = "<group>"; };
		601A8276285F175B001B5781 /* DistanceView.swift */ = {isa = PBXFileReference; lastKnownFileType = sourcecode.swift; path = DistanceView.swift; sourceTree = "<group>"; };
		60488CBB28565ABC00F465D9 /* RustySwiftApp.swift */ = {isa = PBXFileReference; lastKnownFileType = sourcecode.swift; path = RustySwiftApp.swift; sourceTree = "<group>"; };
		60488CBC28565ABC00F465D9 /* AverageView.swift */ = {isa = PBXFileReference; lastKnownFileType = sourcecode.swift; path = AverageView.swift; sourceTree = "<group>"; };
		60488CBD28565ABE00F465D9 /* Assets.xcassets */ = {isa = PBXFileReference; lastKnownFileType = folder.assetcatalog; path = Assets.xcassets; sourceTree = "<group>"; };
		60488CC228565ABE00F465D9 /* RustySwift.app */ = {isa = PBXFileReference; explicitFileType = wrapper.application; includeInIndex = 0; path = RustySwift.app; sourceTree = BUILT_PRODUCTS_DIR; };
		60488CC828565ABE00F465D9 /* RustySwift.app */ = {isa = PBXFileReference; explicitFileType = wrapper.application; includeInIndex = 0; path = RustySwift.app; sourceTree = BUILT_PRODUCTS_DIR; };
		60488CCA28565ABE00F465D9 /* macOS.entitlements */ = {isa = PBXFileReference; lastKnownFileType = text.plist.entitlements; path = macOS.entitlements; sourceTree = "<group>"; };
		60488CD928565C7F00F465D9 /* rusty */ = {isa = PBXFileReference; lastKnownFileType = folder; path = rusty; sourceTree = "<group>"; };
		60A517A428609BC60058266C /* LengthView.swift */ = {isa = PBXFileReference; lastKnownFileType = sourcecode.swift; path = LengthView.swift; sourceTree = "<group>"; };
		60A517A728609BDD0058266C /* RustyIntegration.swift */ = {isa = PBXFileReference; lastKnownFileType = sourcecode.swift; path = RustyIntegration.swift; sourceTree = "<group>"; };
/* End PBXFileReference section */

/* Begin PBXFrameworksBuildPhase section */
		60488CBF28565ABE00F465D9 /* Frameworks */ = {
			isa = PBXFrameworksBuildPhase;
			buildActionMask = 2147483647;
			files = (
			);
			runOnlyForDeploymentPostprocessing = 0;
		};
		60488CC528565ABE00F465D9 /* Frameworks */ = {
			isa = PBXFrameworksBuildPhase;
			buildActionMask = 2147483647;
			files = (
			);
			runOnlyForDeploymentPostprocessing = 0;
		};
/* End PBXFrameworksBuildPhase section */

/* Begin PBXGroup section */
		60488CB528565ABB00F465D9 = {
			isa = PBXGroup;
			children = (
				60488CD928565C7F00F465D9 /* rusty */,
				60488CBA28565ABC00F465D9 /* Shared */,
				60488CC928565ABE00F465D9 /* macOS */,
				60488CC328565ABE00F465D9 /* Products */,
			);
			sourceTree = "<group>";
		};
		60488CBA28565ABC00F465D9 /* Shared */ = {
			isa = PBXGroup;
			children = (
				60A517A728609BDD0058266C /* RustyIntegration.swift */,
				60488CBB28565ABC00F465D9 /* RustySwiftApp.swift */,
				60488CBC28565ABC00F465D9 /* AverageView.swift */,
				601A8276285F175B001B5781 /* DistanceView.swift */,
				60A517A428609BC60058266C /* LengthView.swift */,
				601A8275285F1754001B5781 /* ContentView.swift */,
				60488CBD28565ABE00F465D9 /* Assets.xcassets */,
				601A8274285E3A59001B5781 /* BridgingHeader.h */,
			);
			path = Shared;
			sourceTree = "<group>";
		};
		60488CC328565ABE00F465D9 /* Products */ = {
			isa = PBXGroup;
			children = (
				60488CC228565ABE00F465D9 /* RustySwift.app */,
				60488CC828565ABE00F465D9 /* RustySwift.app */,
			);
			name = Products;
			sourceTree = "<group>";
		};
		60488CC928565ABE00F465D9 /* macOS */ = {
			isa = PBXGroup;
			children = (
				60488CCA28565ABE00F465D9 /* macOS.entitlements */,
			);
			path = macOS;
			sourceTree = "<group>";
		};
/* End PBXGroup section */

/* Begin PBXNativeTarget section */
		60488CC128565ABE00F465D9 /* RustySwift (iOS) */ = {
			isa = PBXNativeTarget;
			buildConfigurationList = 60488CD328565ABE00F465D9 /* Build configuration list for PBXNativeTarget "RustySwift (iOS)" */;
			buildPhases = (
				601A8279285F19C9001B5781 /* Rust */,
				60488CBE28565ABE00F465D9 /* Sources */,
				60488CBF28565ABE00F465D9 /* Frameworks */,
				60488CC028565ABE00F465D9 /* Resources */,
			);
			buildRules = (
			);
			dependencies = (
			);
			name = "RustySwift (iOS)";
			productName = "RustySwift (iOS)";
			productReference = 60488CC228565ABE00F465D9 /* RustySwift.app */;
			productType = "com.apple.product-type.application";
		};
		60488CC728565ABE00F465D9 /* RustySwift (macOS) */ = {
			isa = PBXNativeTarget;
			buildConfigurationList = 60488CD628565ABE00F465D9 /* Build configuration list for PBXNativeTarget "RustySwift (macOS)" */;
			buildPhases = (
				601A827A285F19FB001B5781 /* Rust */,
				60488CC428565ABE00F465D9 /* Sources */,
				60488CC528565ABE00F465D9 /* Frameworks */,
				60488CC628565ABE00F465D9 /* Resources */,
			);
			buildRules = (
			);
			dependencies = (
			);
			name = "RustySwift (macOS)";
			productName = "RustySwift (macOS)";
			productReference = 60488CC828565ABE00F465D9 /* RustySwift.app */;
			productType = "com.apple.product-type.application";
		};
/* End PBXNativeTarget section */

/* Begin PBXProject section */
		60488CB628565ABB00F465D9 /* Project object */ = {
			isa = PBXProject;
			attributes = {
				BuildIndependentTargetsInParallel = 1;
				LastSwiftUpdateCheck = 1310;
				LastUpgradeCheck = 1310;
				TargetAttributes = {
					60488CC128565ABE00F465D9 = {
						CreatedOnToolsVersion = 13.1;
					};
					60488CC728565ABE00F465D9 = {
						CreatedOnToolsVersion = 13.1;
					};
				};
			};
			buildConfigurationList = 60488CB928565ABB00F465D9 /* Build configuration list for PBXProject "RustySwift" */;
			compatibilityVersion = "Xcode 13.0";
			developmentRegion = en;
			hasScannedForEncodings = 0;
			knownRegions = (
				en,
				Base,
			);
			mainGroup = 60488CB528565ABB00F465D9;
			productRefGroup = 60488CC328565ABE00F465D9 /* Products */;
			projectDirPath = "";
			projectRoot = "";
			targets = (
				60488CC128565ABE00F465D9 /* RustySwift (iOS) */,
				60488CC728565ABE00F465D9 /* RustySwift (macOS) */,
			);
		};
/* End PBXProject section */

/* Begin PBXResourcesBuildPhase section */
		60488CC028565ABE00F465D9 /* Resources */ = {
			isa = PBXResourcesBuildPhase;
			buildActionMask = 2147483647;
			files = (
				60488CCF28565ABE00F465D9 /* Assets.xcassets in Resources */,
			);
			runOnlyForDeploymentPostprocessing = 0;
		};
		60488CC628565ABE00F465D9 /* Resources */ = {
			isa = PBXResourcesBuildPhase;
			buildActionMask = 2147483647;
			files = (
				60488CD028565ABE00F465D9 /* Assets.xcassets in Resources */,
			);
			runOnlyForDeploymentPostprocessing = 0;
		};
/* End PBXResourcesBuildPhase section */

/* Begin PBXShellScriptBuildPhase section */
		601A8279285F19C9001B5781 /* Rust */ = {
			isa = PBXShellScriptBuildPhase;
			buildActionMask = 2147483647;
			files = (
			);
			inputFileListPaths = (
			);
			inputPaths = (
			);
			name = Rust;
			outputFileListPaths = (
			);
			outputPaths = (
			);
			runOnlyForDeploymentPostprocessing = 0;
			shellPath = /bin/sh;
			shellScript = "source \"$HOME/.cargo/env\"\n# Customizing the library path is required, otherwise the linker complains about libSystem being not found.\n# See https://blog.mozilla.org/data/2022/01/31/this-week-in-glean-building-and-deploying-a-rust-library-on-ios/\nif [[ -n \"${DEVELOPER_SDK_DIR:-}\" ]]; then\n  export LIBRARY_PATH=\"${DEVELOPER_SDK_DIR}/MacOSX.sdk/usr/lib:${LIBRARY_PATH:-}\"\nfi\ncd rusty\nif [ $CONFIGURATION = \"Release\" ]; then\n    cargo build --release --target=x86_64-apple-ios\n    cargo build --release --target=aarch64-apple-ios\nelse\n    # For ARM Macs: cargo build --target aarch64-apple-ios-sim\n    cargo build --target=x86_64-apple-ios\nfi;\ncbindgen . -o target/rusty.h\n";
		};
		601A827A285F19FB001B5781 /* Rust */ = {
			isa = PBXShellScriptBuildPhase;
			buildActionMask = 2147483647;
			files = (
			);
			inputFileListPaths = (
			);
			inputPaths = (
			);
			name = Rust;
			outputFileListPaths = (
			);
			outputPaths = (
			);
			runOnlyForDeploymentPostprocessing = 0;
			shellPath = /bin/sh;
			shellScript = "set -e\nsource \"$HOME/.cargo/env\"\ncd rusty\nif [ $CONFIGURATION = \"Release\" ]; then\n    cargo build --release --target=x86_64-apple-darwin\n    cargo build --release --target=aarch64-apple-darwin \nelse\n    cargo build\nfi;\ncbindgen . -o target/rusty.h\n";
		};
/* End PBXShellScriptBuildPhase section */

/* Begin PBXSourcesBuildPhase section */
		60488CBE28565ABE00F465D9 /* Sources */ = {
			isa = PBXSourcesBuildPhase;
			buildActionMask = 2147483647;
			files = (
				60488CCD28565ABE00F465D9 /* AverageView.swift in Sources */,
				601A8277285F175B001B5781 /* DistanceView.swift in Sources */,
				60A517A528609BC60058266C /* LengthView.swift in Sources */,
				601A827B285F2179001B5781 /* ContentView.swift in Sources */,
				60A517A828609EC00058266C /* RustyIntegration.swift in Sources */,
				60488CCB28565ABE00F465D9 /* RustySwiftApp.swift in Sources */,
			);
			runOnlyForDeploymentPostprocessing = 0;
		};
		60488CC428565ABE00F465D9 /* Sources */ = {
			isa = PBXSourcesBuildPhase;
			buildActionMask = 2147483647;
			files = (
				60488CCE28565ABE00F465D9 /* AverageView.swift in Sources */,
				601A8278285F175B001B5781 /* DistanceView.swift in Sources */,
				60A517A628609BC60058266C /* LengthView.swift in Sources */,
				601A827C285F2179001B5781 /* ContentView.swift in Sources */,
				60A517A928609EC10058266C /* RustyIntegration.swift in Sources */,
				60488CCC28565ABE00F465D9 /* RustySwiftApp.swift in Sources */,
			);
			runOnlyForDeploymentPostprocessing = 0;
		};
/* End PBXSourcesBuildPhase section */

/* Begin XCBuildConfiguration section */
		60488CD128565ABE00F465D9 /* Debug */ = {
			isa = XCBuildConfiguration;
			buildSettings = {
				ALWAYS_SEARCH_USER_PATHS = NO;
				CLANG_ANALYZER_NONNULL = YES;
				CLANG_ANALYZER_NUMBER_OBJECT_CONVERSION = YES_AGGRESSIVE;
				CLANG_CXX_LANGUAGE_STANDARD = "gnu++17";
				CLANG_CXX_LIBRARY = "libc++";
				CLANG_ENABLE_MODULES = YES;
				CLANG_ENABLE_OBJC_ARC = YES;
				CLANG_ENABLE_OBJC_WEAK = YES;
				CLANG_WARN_BLOCK_CAPTURE_AUTORELEASING = YES;
				CLANG_WARN_BOOL_CONVERSION = YES;
				CLANG_WARN_COMMA = YES;
				CLANG_WARN_CONSTANT_CONVERSION = YES;
				CLANG_WARN_DEPRECATED_OBJC_IMPLEMENTATIONS = YES;
				CLANG_WARN_DIRECT_OBJC_ISA_USAGE = YES_ERROR;
				CLANG_WARN_DOCUMENTATION_COMMENTS = YES;
				CLANG_WARN_EMPTY_BODY = YES;
				CLANG_WARN_ENUM_CONVERSION = YES;
				CLANG_WARN_INFINITE_RECURSION = YES;
				CLANG_WARN_INT_CONVERSION = YES;
				CLANG_WARN_NON_LITERAL_NULL_CONVERSION = YES;
				CLANG_WARN_OBJC_IMPLICIT_RETAIN_SELF = YES;
				CLANG_WARN_OBJC_LITERAL_CONVERSION = YES;
				CLANG_WARN_OBJC_ROOT_CLASS = YES_ERROR;
				CLANG_WARN_QUOTED_INCLUDE_IN_FRAMEWORK_HEADER = YES;
				CLANG_WARN_RANGE_LOOP_ANALYSIS = YES;
				CLANG_WARN_STRICT_PROTOTYPES = YES;
				CLANG_WARN_SUSPICIOUS_MOVE = YES;
				CLANG_WARN_UNGUARDED_AVAILABILITY = YES_AGGRESSIVE;
				CLANG_WARN_UNREACHABLE_CODE = YES;
				CLANG_WARN__DUPLICATE_METHOD_MATCH = YES;
				COPY_PHASE_STRIP = NO;
				DEBUG_INFORMATION_FORMAT = dwarf;
				ENABLE_STRICT_OBJC_MSGSEND = YES;
				ENABLE_TESTABILITY = YES;
				GCC_C_LANGUAGE_STANDARD = gnu11;
				GCC_DYNAMIC_NO_PIC = NO;
				GCC_NO_COMMON_BLOCKS = YES;
				GCC_OPTIMIZATION_LEVEL = 0;
				GCC_PREPROCESSOR_DEFINITIONS = (
					"DEBUG=1",
					"$(inherited)",
				);
				GCC_WARN_64_TO_32_BIT_CONVERSION = YES;
				GCC_WARN_ABOUT_RETURN_TYPE = YES_ERROR;
				GCC_WARN_UNDECLARED_SELECTOR = YES;
				GCC_WARN_UNINITIALIZED_AUTOS = YES_AGGRESSIVE;
				GCC_WARN_UNUSED_FUNCTION = YES;
				GCC_WARN_UNUSED_VARIABLE = YES;
				HEADER_SEARCH_PATHS = rusty/target;
				LIBRARY_SEARCH_PATHS = rusty/target/debug;
				MTL_ENABLE_DEBUG_INFO = INCLUDE_SOURCE;
				MTL_FAST_MATH = YES;
				ONLY_ACTIVE_ARCH = YES;
				OTHER_LDFLAGS = "-lrusty";
				SWIFT_ACTIVE_COMPILATION_CONDITIONS = DEBUG;
				SWIFT_OBJC_BRIDGING_HEADER = Shared/BridgingHeader.h;
				SWIFT_OPTIMIZATION_LEVEL = "-Onone";
			};
			name = Debug;
		};
		60488CD228565ABE00F465D9 /* Release */ = {
			isa = XCBuildConfiguration;
			buildSettings = {
				ALWAYS_SEARCH_USER_PATHS = NO;
				CLANG_ANALYZER_NONNULL = YES;
				CLANG_ANALYZER_NUMBER_OBJECT_CONVERSION = YES_AGGRESSIVE;
				CLANG_CXX_LANGUAGE_STANDARD = "gnu++17";
				CLANG_CXX_LIBRARY = "libc++";
				CLANG_ENABLE_MODULES = YES;
				CLANG_ENABLE_OBJC_ARC = YES;
				CLANG_ENABLE_OBJC_WEAK = YES;
				CLANG_WARN_BLOCK_CAPTURE_AUTORELEASING = YES;
				CLANG_WARN_BOOL_CONVERSION = YES;
				CLANG_WARN_COMMA = YES;
				CLANG_WARN_CONSTANT_CONVERSION = YES;
				CLANG_WARN_DEPRECATED_OBJC_IMPLEMENTATIONS = YES;
				CLANG_WARN_DIRECT_OBJC_ISA_USAGE = YES_ERROR;
				CLANG_WARN_DOCUMENTATION_COMMENTS = YES;
				CLANG_WARN_EMPTY_BODY = YES;
				CLANG_WARN_ENUM_CONVERSION = YES;
				CLANG_WARN_INFINITE_RECURSION = YES;
				CLANG_WARN_INT_CONVERSION = YES;
				CLANG_WARN_NON_LITERAL_NULL_CONVERSION = YES;
				CLANG_WARN_OBJC_IMPLICIT_RETAIN_SELF = YES;
				CLANG_WARN_OBJC_LITERAL_CONVERSION = YES;
				CLANG_WARN_OBJC_ROOT_CLASS = YES_ERROR;
				CLANG_WARN_QUOTED_INCLUDE_IN_FRAMEWORK_HEADER = YES;
				CLANG_WARN_RANGE_LOOP_ANALYSIS = YES;
				CLANG_WARN_STRICT_PROTOTYPES = YES;
				CLANG_WARN_SUSPICIOUS_MOVE = YES;
				CLANG_WARN_UNGUARDED_AVAILABILITY = YES_AGGRESSIVE;
				CLANG_WARN_UNREACHABLE_CODE = YES;
				CLANG_WARN__DUPLICATE_METHOD_MATCH = YES;
				COPY_PHASE_STRIP = NO;
				DEBUG_INFORMATION_FORMAT = "dwarf-with-dsym";
				ENABLE_NS_ASSERTIONS = NO;
				ENABLE_STRICT_OBJC_MSGSEND = YES;
				GCC_C_LANGUAGE_STANDARD = gnu11;
				GCC_NO_COMMON_BLOCKS = YES;
				GCC_WARN_64_TO_32_BIT_CONVERSION = YES;
				GCC_WARN_ABOUT_RETURN_TYPE = YES_ERROR;
				GCC_WARN_UNDECLARED_SELECTOR = YES;
				GCC_WARN_UNINITIALIZED_AUTOS = YES_AGGRESSIVE;
				GCC_WARN_UNUSED_FUNCTION = YES;
				GCC_WARN_UNUSED_VARIABLE = YES;
				HEADER_SEARCH_PATHS = rusty/target;
				LIBRARY_SEARCH_PATHS = (
					"rusty/target/x86_64-apple-darwin/release",
					"rusty/target/aarch64-apple-darwin/release",
				);
				MTL_ENABLE_DEBUG_INFO = NO;
				MTL_FAST_MATH = YES;
				OTHER_LDFLAGS = "-lrusty";
				SWIFT_COMPILATION_MODE = wholemodule;
				SWIFT_OBJC_BRIDGING_HEADER = Shared/BridgingHeader.h;
				SWIFT_OPTIMIZATION_LEVEL = "-O";
			};
			name = Release;
		};
		60488CD428565ABE00F465D9 /* Debug */ = {
			isa = XCBuildConfiguration;
			buildSettings = {
				ASSETCATALOG_COMPILER_APPICON_NAME = AppIcon;
				ASSETCATALOG_COMPILER_GLOBAL_ACCENT_COLOR_NAME = AccentColor;
				CODE_SIGN_STYLE = Automatic;
				CURRENT_PROJECT_VERSION = 1;
				DEVELOPMENT_TEAM = WZ4X77MGB4;
				ENABLE_PREVIEWS = YES;
				GENERATE_INFOPLIST_FILE = YES;
				INFOPLIST_KEY_UIApplicationSceneManifest_Generation = YES;
				INFOPLIST_KEY_UIApplicationSupportsIndirectInputEvents = YES;
				INFOPLIST_KEY_UILaunchScreen_Generation = YES;
				INFOPLIST_KEY_UISupportedInterfaceOrientations_iPad = "UIInterfaceOrientationPortrait UIInterfaceOrientationPortraitUpsideDown UIInterfaceOrientationLandscapeLeft UIInterfaceOrientationLandscapeRight";
				INFOPLIST_KEY_UISupportedInterfaceOrientations_iPhone = "UIInterfaceOrientationPortrait UIInterfaceOrientationLandscapeLeft UIInterfaceOrientationLandscapeRight";
				IPHONEOS_DEPLOYMENT_TARGET = 15.0;
				LD_RUNPATH_SEARCH_PATHS = (
					"$(inherited)",
					"@executable_path/Frameworks",
				);
				LIBRARY_SEARCH_PATHS = (
					"rusty/target/x86_64-apple-ios/debug",
					"rusty/target/aarch64-apple-ios/debug",
					"rusty/target/aarch64-apple-ios-sim/debug",
				);
				MARKETING_VERSION = 1.0;
				PRODUCT_BUNDLE_IDENTIFIER = com.quentinmathe.RustySwift;
				PRODUCT_NAME = RustySwift;
				SDKROOT = iphoneos;
				SWIFT_EMIT_LOC_STRINGS = YES;
				SWIFT_VERSION = 5.0;
				TARGETED_DEVICE_FAMILY = "1,2";
			};
			name = Debug;
		};
		60488CD528565ABE00F465D9 /* Release */ = {
			isa = XCBuildConfiguration;
			buildSettings = {
				ASSETCATALOG_COMPILER_APPICON_NAME = AppIcon;
				ASSETCATALOG_COMPILER_GLOBAL_ACCENT_COLOR_NAME = AccentColor;
				CODE_SIGN_STYLE = Automatic;
				CURRENT_PROJECT_VERSION = 1;
				DEVELOPMENT_TEAM = WZ4X77MGB4;
				ENABLE_PREVIEWS = YES;
				GENERATE_INFOPLIST_FILE = YES;
				INFOPLIST_KEY_UIApplicationSceneManifest_Generation = YES;
				INFOPLIST_KEY_UIApplicationSupportsIndirectInputEvents = YES;
				INFOPLIST_KEY_UILaunchScreen_Generation = YES;
				INFOPLIST_KEY_UISupportedInterfaceOrientations_iPad = "UIInterfaceOrientationPortrait UIInterfaceOrientationPortraitUpsideDown UIInterfaceOrientationLandscapeLeft UIInterfaceOrientationLandscapeRight";
				INFOPLIST_KEY_UISupportedInterfaceOrientations_iPhone = "UIInterfaceOrientationPortrait UIInterfaceOrientationLandscapeLeft UIInterfaceOrientationLandscapeRight";
				IPHONEOS_DEPLOYMENT_TARGET = 15.0;
				LD_RUNPATH_SEARCH_PATHS = (
					"$(inherited)",
					"@executable_path/Frameworks",
				);
				LIBRARY_SEARCH_PATHS = (
					"rusty/target/x86_64-apple-ios/release",
					"rusty/target/aarch64-apple-ios/release",
					"rusty/target/aarch64-apple-ios-sim/release",
				);
				MARKETING_VERSION = 1.0;
				PRODUCT_BUNDLE_IDENTIFIER = com.quentinmathe.RustySwift;
				PRODUCT_NAME = RustySwift;
				SDKROOT = iphoneos;
				SWIFT_EMIT_LOC_STRINGS = YES;
				SWIFT_VERSION = 5.0;
				TARGETED_DEVICE_FAMILY = "1,2";
				VALIDATE_PRODUCT = YES;
			};
			name = Release;
		};
		60488CD728565ABE00F465D9 /* Debug */ = {
			isa = XCBuildConfiguration;
			buildSettings = {
				ASSETCATALOG_COMPILER_APPICON_NAME = AppIcon;
				ASSETCATALOG_COMPILER_GLOBAL_ACCENT_COLOR_NAME = AccentColor;
				CODE_SIGN_ENTITLEMENTS = macOS/macOS.entitlements;
				CODE_SIGN_STYLE = Automatic;
				COMBINE_HIDPI_IMAGES = YES;
				CURRENT_PROJECT_VERSION = 1;
				DEVELOPMENT_TEAM = WZ4X77MGB4;
				ENABLE_HARDENED_RUNTIME = YES;
				ENABLE_PREVIEWS = YES;
				GENERATE_INFOPLIST_FILE = YES;
				INFOPLIST_KEY_NSHumanReadableCopyright = "";
				LD_RUNPATH_SEARCH_PATHS = (
					"$(inherited)",
					"@executable_path/../Frameworks",
				);
				MACOSX_DEPLOYMENT_TARGET = 12.0;
				MARKETING_VERSION = 1.0;
				PRODUCT_BUNDLE_IDENTIFIER = com.quentinmathe.RustySwift;
				PRODUCT_NAME = RustySwift;
				SDKROOT = macosx;
				SWIFT_EMIT_LOC_STRINGS = YES;
				SWIFT_VERSION = 5.0;
			};
			name = Debug;
		};
		60488CD828565ABE00F465D9 /* Release */ = {
			isa = XCBuildConfiguration;
			buildSettings = {
				ASSETCATALOG_COMPILER_APPICON_NAME = AppIcon;
				ASSETCATALOG_COMPILER_GLOBAL_ACCENT_COLOR_NAME = AccentColor;
				CODE_SIGN_ENTITLEMENTS = macOS/macOS.entitlements;
				CODE_SIGN_STYLE = Automatic;
				COMBINE_HIDPI_IMAGES = YES;
				CURRENT_PROJECT_VERSION = 1;
				DEVELOPMENT_TEAM = WZ4X77MGB4;
				ENABLE_HARDENED_RUNTIME = YES;
				ENABLE_PREVIEWS = YES;
				GENERATE_INFOPLIST_FILE = YES;
				INFOPLIST_KEY_NSHumanReadableCopyright = "";
				LD_RUNPATH_SEARCH_PATHS = (
					"$(inherited)",
					"@executable_path/../Frameworks",
				);
				MACOSX_DEPLOYMENT_TARGET = 12.0;
				MARKETING_VERSION = 1.0;
				PRODUCT_BUNDLE_IDENTIFIER = com.quentinmathe.RustySwift;
				PRODUCT_NAME = RustySwift;
				SDKROOT = macosx;
				SWIFT_EMIT_LOC_STRINGS = YES;
				SWIFT_VERSION = 5.0;
			};
			name = Release;
		};
/* End XCBuildConfiguration section */

/* Begin XCConfigurationList section */
		60488CB928565ABB00F465D9 /* Build configuration list for PBXProject "RustySwift" */ = {
			isa = XCConfigurationList;
			buildConfigurations = (
				60488CD128565ABE00F465D9 /* Debug */,
				60488CD228565ABE00F465D9 /* Release */,
			);
			defaultConfigurationIsVisible = 0;
			defaultConfigurationName = Release;
		};
		60488CD328565ABE00F465D9 /* Build configuration list for PBXNativeTarget "RustySwift (iOS)" */ = {
			isa = XCConfigurationList;
			buildConfigurations = (
				60488CD428565ABE00F465D9 /* Debug */,
				60488CD528565ABE00F465D9 /* Release */,
			);
			defaultConfigurationIsVisible = 0;
			defaultConfigurationName = Release;
		};
		60488CD628565ABE00F465D9 /* Build configuration list for PBXNativeTarget "RustySwift (macOS)" */ = {
			isa = XCConfigurationList;
			buildConfigurations = (
				60488CD728565ABE00F465D9 /* Debug */,
				60488CD828565ABE00F465D9 /* Release */,
			);
			defaultConfigurationIsVisible = 0;
			defaultConfigurationName = Release;
		};
/* End XCConfigurationList section */
	};
	rootObject = 60488CB628565ABB00F465D9 /* Project object */;
}
